
Microsoft Visual Studio Solution File, Format Version 12.00
# Visual Studio 15
VisualStudioVersion = 15.0.27703.2047
MinimumVisualStudioVersion = 10.0.40219.1
Project("{FAE04EC0-301F-11D3-BF4B-00C04F79EFBC}") = "DeliveryOrderManagement", "DeliveryOrderManagement\DeliveryOrderManagement.csproj", "{850299DC-38AC-4A6D-AF0D-FEBC18FB2A4B}"
EndProject
Global
	GlobalSection(SolutionConfigurationPlatforms) = preSolution
		Debug|Any CPU = Debug|Any CPU
		Release|Any CPU = Release|Any CPU
	EndGlobalSection
	GlobalSection(ProjectConfigurationPlatforms) = postSolution
		{850299DC-38AC-4A6D-AF0D-FEBC18FB2A4B}.Debug|Any CPU.ActiveCfg = Debug|Any CPU
		{850299DC-38AC-4A6D-AF0D-FEBC18FB2A4B}.Debug|Any CPU.Build.0 = Debug|Any CPU
		{850299DC-38AC-4A6D-AF0D-FEBC18FB2A4B}.Release|Any CPU.ActiveCfg = Release|Any CPU
		{850299DC-38AC-4A6D-AF0D-FEBC18FB2A4B}.Release|Any CPU.Build.0 = Release|Any CPU
	EndGlobalSection
	GlobalSection(SolutionProperties) = preSolution
		HideSolutionNode = FALSE
	EndGlobalSection
	GlobalSection(ExtensibilityGlobals) = postSolution
		SolutionGuid = {AEEC5F42-CE35-4FDD-9063-54FD8F03A032}
	EndGlobalSection
EndGlobal
